
Microsoft Visual Studio Solution File, Format Version 12.00
# Visual Studio 15
VisualStudioVersion = 15.0.28307.539
MinimumVisualStudioVersion = 10.0.40219.1
Project("{FAE04EC0-301F-11D3-BF4B-00C04F79EFBC}") = "TicTacToe", "TicTacToe.csproj", "{2D1B9B80-0CCB-4665-BEF9-91CA6A44FB07}"
EndProject
Global
	GlobalSection(SolutionConfigurationPlatforms) = preSolution
		Debug|Any CPU = Debug|Any CPU
		Release|Any CPU = Release|Any CPU
	EndGlobalSection
	GlobalSection(ProjectConfigurationPlatforms) = postSolution
		{2D1B9B80-0CCB-4665-BEF9-91CA6A44FB07}.Debug|Any CPU.ActiveCfg = Debug|Any CPU
		{2D1B9B80-0CCB-4665-BEF9-91CA6A44FB07}.Debug|Any CPU.Build.0 = Debug|Any CPU
		{2D1B9B80-0CCB-4665-BEF9-91CA6A44FB07}.Release|Any CPU.ActiveCfg = Release|Any CPU
		{2D1B9B80-0CCB-4665-BEF9-91CA6A44FB07}.Release|Any CPU.Build.0 = Release|Any CPU
	EndGlobalSection
	GlobalSection(SolutionProperties) = preSolution
		HideSolutionNode = FALSE
	EndGlobalSection
	GlobalSection(ExtensibilityGlobals) = postSolution
		SolutionGuid = {B9FE90CB-7146-43FF-9647-24FC44985CE1}
	EndGlobalSection
EndGlobal
